
Microsoft Visual Studio Solution File, Format Version 12.00
# Visual Studio Version 16
VisualStudioVersion = 16.0.29519.181
MinimumVisualStudioVersion = 10.0.40219.1
Project("{FAE04EC0-301F-11D3-BF4B-00C04F79EFBC}") = "MalamProject", "MalamProject.csproj", "{EDBB93C0-3FD7-4CB0-AD4F-9821C1C3D33E}"
EndProject
Global
	GlobalSection(SolutionConfigurationPlatforms) = preSolution
		Debug|Any CPU = Debug|Any CPU
		Release|Any CPU = Release|Any CPU
	EndGlobalSection
	GlobalSection(ProjectConfigurationPlatforms) = postSolution
		{EDBB93C0-3FD7-4CB0-AD4F-9821C1C3D33E}.Debug|Any CPU.ActiveCfg = Debug|Any CPU
		{EDBB93C0-3FD7-4CB0-AD4F-9821C1C3D33E}.Debug|Any CPU.Build.0 = Debug|Any CPU
		{EDBB93C0-3FD7-4CB0-AD4F-9821C1C3D33E}.Release|Any CPU.ActiveCfg = Release|Any CPU
		{EDBB93C0-3FD7-4CB0-AD4F-9821C1C3D33E}.Release|Any CPU.Build.0 = Release|Any CPU
	EndGlobalSection
	GlobalSection(SolutionProperties) = preSolution
		HideSolutionNode = FALSE
	EndGlobalSection
	GlobalSection(ExtensibilityGlobals) = postSolution
		SolutionGuid = {8BB328F8-5C69-4605-91AF-68D9CC2264EE}
	EndGlobalSection
EndGlobal
